
Microsoft Visual Studio Solution File, Format Version 12.00
# Visual Studio 2012
Project("{FAE04EC0-301F-11D3-BF4B-00C04F79EFBC}") = "Web", "StudyLanguages\Web.csproj", "{9AEF1209-2B56-4EA0-8B17-8EEA45325669}"
EndProject
Project("{FAE04EC0-301F-11D3-BF4B-00C04F79EFBC}") = "Sandbox", "Sandbox\Sandbox.csproj", "{D46930CF-261F-4B3B-A351-2273E9B4629D}"
EndProject
Project("{FAE04EC0-301F-11D3-BF4B-00C04F79EFBC}") = "BusinessLogic", "BusinessLogic\BusinessLogic.csproj", "{FA8D127D-4384-4E3E-9663-DB31D31B2BEA}"
EndProject
Project("{2150E333-8FDC-42A3-9474-1A3956D46DE8}") = "NLP", "NLP", "{D68CE02E-5C3B-4B7B-8E93-924927BD5B0D}"
EndProject
Project("{2150E333-8FDC-42A3-9474-1A3956D46DE8}") = "OpenNLP", "OpenNLP", "{113C4A85-57A3-42C4-85F0-B2C79EFF1BF7}"
EndProject
Project("{2150E333-8FDC-42A3-9474-1A3956D46DE8}") = "SharpEntropy", "SharpEntropy", "{4C6C5F48-30C1-4567-A8E0-E1C595223EAF}"
EndProject
Project("{2150E333-8FDC-42A3-9474-1A3956D46DE8}") = "SharpWordNet", "SharpWordNet", "{4A6356A9-2D50-4DDF-B92E-C0AECC6EC9D7}"
EndProject
Project("{FAE04EC0-301F-11D3-BF4B-00C04F79EFBC}") = "OpenNLP", "NLP\OpenNLP\OpenNLP.csproj", "{B70185DF-81FD-4417-914F-7C90E65E7D9F}"
EndProject
Project("{FAE04EC0-301F-11D3-BF4B-00C04F79EFBC}") = "SharpEntropy", "NLP\SharpEntropy\SharpEntropy.csproj", "{BF0BF8B0-1894-4EDF-BF51-F370B063797E}"
EndProject
Project("{FAE04EC0-301F-11D3-BF4B-00C04F79EFBC}") = "SharpWordNet", "NLP\SharpWordNet\SharpWordNet.csproj", "{4C78C577-D001-45EA-9893-F5570BAB16C0}"
EndProject
Project("{FAE04EC0-301F-11D3-BF4B-00C04F79EFBC}") = "NLPWrapper", "NLP\NLPWrapper\NLPWrapper.csproj", "{D5D29CD6-D59E-4564-B2C3-41F2A0A0380F}"
EndProject
Project("{FAE04EC0-301F-11D3-BF4B-00C04F79EFBC}") = "UnitTests", "UnitTests\UnitTests.csproj", "{3E84A1A6-8BC4-47F3-86FA-2CF663ACBB8C}"
EndProject
Global
	GlobalSection(SolutionConfigurationPlatforms) = preSolution
		Debug|Any CPU = Debug|Any CPU
		Release|Any CPU = Release|Any CPU
	EndGlobalSection
	GlobalSection(ProjectConfigurationPlatforms) = postSolution
		{9AEF1209-2B56-4EA0-8B17-8EEA45325669}.Debug|Any CPU.ActiveCfg = Debug|Any CPU
		{9AEF1209-2B56-4EA0-8B17-8EEA45325669}.Debug|Any CPU.Build.0 = Debug|Any CPU
		{9AEF1209-2B56-4EA0-8B17-8EEA45325669}.Release|Any CPU.ActiveCfg = Release|Any CPU
		{9AEF1209-2B56-4EA0-8B17-8EEA45325669}.Release|Any CPU.Build.0 = Release|Any CPU
		{D46930CF-261F-4B3B-A351-2273E9B4629D}.Debug|Any CPU.ActiveCfg = Debug|Any CPU
		{D46930CF-261F-4B3B-A351-2273E9B4629D}.Debug|Any CPU.Build.0 = Debug|Any CPU
		{D46930CF-261F-4B3B-A351-2273E9B4629D}.Release|Any CPU.ActiveCfg = Release|Any CPU
		{D46930CF-261F-4B3B-A351-2273E9B4629D}.Release|Any CPU.Build.0 = Release|Any CPU
		{FA8D127D-4384-4E3E-9663-DB31D31B2BEA}.Debug|Any CPU.ActiveCfg = Debug|Any CPU
		{FA8D127D-4384-4E3E-9663-DB31D31B2BEA}.Debug|Any CPU.Build.0 = Debug|Any CPU
		{FA8D127D-4384-4E3E-9663-DB31D31B2BEA}.Release|Any CPU.ActiveCfg = Release|Any CPU
		{FA8D127D-4384-4E3E-9663-DB31D31B2BEA}.Release|Any CPU.Build.0 = Release|Any CPU
		{B70185DF-81FD-4417-914F-7C90E65E7D9F}.Debug|Any CPU.ActiveCfg = Debug|Any CPU
		{B70185DF-81FD-4417-914F-7C90E65E7D9F}.Debug|Any CPU.Build.0 = Debug|Any CPU
		{B70185DF-81FD-4417-914F-7C90E65E7D9F}.Release|Any CPU.ActiveCfg = Release|Any CPU
		{B70185DF-81FD-4417-914F-7C90E65E7D9F}.Release|Any CPU.Build.0 = Release|Any CPU
		{BF0BF8B0-1894-4EDF-BF51-F370B063797E}.Debug|Any CPU.ActiveCfg = Debug|Any CPU
		{BF0BF8B0-1894-4EDF-BF51-F370B063797E}.Debug|Any CPU.Build.0 = Debug|Any CPU
		{BF0BF8B0-1894-4EDF-BF51-F370B063797E}.Release|Any CPU.ActiveCfg = Release|Any CPU
		{BF0BF8B0-1894-4EDF-BF51-F370B063797E}.Release|Any CPU.Build.0 = Release|Any CPU
		{4C78C577-D001-45EA-9893-F5570BAB16C0}.Debug|Any CPU.ActiveCfg = Debug|Any CPU
		{4C78C577-D001-45EA-9893-F5570BAB16C0}.Debug|Any CPU.Build.0 = Debug|Any CPU
		{4C78C577-D001-45EA-9893-F5570BAB16C0}.Release|Any CPU.ActiveCfg = Release|Any CPU
		{4C78C577-D001-45EA-9893-F5570BAB16C0}.Release|Any CPU.Build.0 = Release|Any CPU
		{D5D29CD6-D59E-4564-B2C3-41F2A0A0380F}.Debug|Any CPU.ActiveCfg = Debug|Any CPU
		{D5D29CD6-D59E-4564-B2C3-41F2A0A0380F}.Debug|Any CPU.Build.0 = Debug|Any CPU
		{D5D29CD6-D59E-4564-B2C3-41F2A0A0380F}.Release|Any CPU.ActiveCfg = Release|Any CPU
		{D5D29CD6-D59E-4564-B2C3-41F2A0A0380F}.Release|Any CPU.Build.0 = Release|Any CPU
		{3E84A1A6-8BC4-47F3-86FA-2CF663ACBB8C}.Debug|Any CPU.ActiveCfg = Debug|Any CPU
		{3E84A1A6-8BC4-47F3-86FA-2CF663ACBB8C}.Debug|Any CPU.Build.0 = Debug|Any CPU
		{3E84A1A6-8BC4-47F3-86FA-2CF663ACBB8C}.Release|Any CPU.ActiveCfg = Release|Any CPU
		{3E84A1A6-8BC4-47F3-86FA-2CF663ACBB8C}.Release|Any CPU.Build.0 = Release|Any CPU
	EndGlobalSection
	GlobalSection(SolutionProperties) = preSolution
		HideSolutionNode = FALSE
	EndGlobalSection
	GlobalSection(NestedProjects) = preSolution
		{113C4A85-57A3-42C4-85F0-B2C79EFF1BF7} = {D68CE02E-5C3B-4B7B-8E93-924927BD5B0D}
		{4C6C5F48-30C1-4567-A8E0-E1C595223EAF} = {D68CE02E-5C3B-4B7B-8E93-924927BD5B0D}
		{4A6356A9-2D50-4DDF-B92E-C0AECC6EC9D7} = {D68CE02E-5C3B-4B7B-8E93-924927BD5B0D}
		{D5D29CD6-D59E-4564-B2C3-41F2A0A0380F} = {D68CE02E-5C3B-4B7B-8E93-924927BD5B0D}
		{B70185DF-81FD-4417-914F-7C90E65E7D9F} = {113C4A85-57A3-42C4-85F0-B2C79EFF1BF7}
		{BF0BF8B0-1894-4EDF-BF51-F370B063797E} = {4C6C5F48-30C1-4567-A8E0-E1C595223EAF}
		{4C78C577-D001-45EA-9893-F5570BAB16C0} = {4A6356A9-2D50-4DDF-B92E-C0AECC6EC9D7}
	EndGlobalSection
EndGlobal
